
Microsoft Visual Studio Solution File, Format Version 12.00
# Visual Studio Version 17
VisualStudioVersion = 17.7.34031.279
MinimumVisualStudioVersion = 10.0.40219.1
Project("{9A19103F-16F7-4668-BE54-9A1E7A4F7556}") = "MaciLaciGameWPF", "MaciLaciGameWPF\MaciLaciGameWPF.csproj", "{2FE313B6-BBD4-40B7-B0D6-127AF08A4457}"
EndProject
Project("{9A19103F-16F7-4668-BE54-9A1E7A4F7556}") = "GameTest", "GameTest\GameTest.csproj", "{30BA660F-27C7-4EE4-B889-02D8843CF0B9}"
EndProject
Global
	GlobalSection(SolutionConfigurationPlatforms) = preSolution
		Debug|Any CPU = Debug|Any CPU
		Release|Any CPU = Release|Any CPU
	EndGlobalSection
	GlobalSection(ProjectConfigurationPlatforms) = postSolution
		{2FE313B6-BBD4-40B7-B0D6-127AF08A4457}.Debug|Any CPU.ActiveCfg = Debug|Any CPU
		{2FE313B6-BBD4-40B7-B0D6-127AF08A4457}.Debug|Any CPU.Build.0 = Debug|Any CPU
		{2FE313B6-BBD4-40B7-B0D6-127AF08A4457}.Release|Any CPU.ActiveCfg = Release|Any CPU
		{2FE313B6-BBD4-40B7-B0D6-127AF08A4457}.Release|Any CPU.Build.0 = Release|Any CPU
		{30BA660F-27C7-4EE4-B889-02D8843CF0B9}.Debug|Any CPU.ActiveCfg = Debug|Any CPU
		{30BA660F-27C7-4EE4-B889-02D8843CF0B9}.Debug|Any CPU.Build.0 = Debug|Any CPU
		{30BA660F-27C7-4EE4-B889-02D8843CF0B9}.Release|Any CPU.ActiveCfg = Release|Any CPU
		{30BA660F-27C7-4EE4-B889-02D8843CF0B9}.Release|Any CPU.Build.0 = Release|Any CPU
	EndGlobalSection
	GlobalSection(SolutionProperties) = preSolution
		HideSolutionNode = FALSE
	EndGlobalSection
	GlobalSection(ExtensibilityGlobals) = postSolution
		SolutionGuid = {C8A097AC-A105-479D-819D-FD843EB091C6}
	EndGlobalSection
EndGlobal
